{
  "name": "prime-csv-generator",
  "version": "1.0.0",
  "lockfileVersion": 1,
  "requires": true,
  "dependencies": {
    "@hapi/hoek": {
      "version": "6.2.4",
      "resolved": "https://registry.npmjs.org/@hapi/hoek/-/hoek-6.2.4.tgz",
      "integrity": "sha512-HOJ20Kc93DkDVvjwHyHawPwPkX44sIrbXazAUDiUXaY2R9JwQGo2PhFfnQtdrsIe4igjG2fPgMra7NYw7qhy0A=="
    },
    "@hapi/joi": {
      "version": "14.5.0",
      "resolved": "https://registry.npmjs.org/@hapi/joi/-/joi-14.5.0.tgz",
      "integrity": "sha512-q8oNlQWQpN14j6lMkaQqVdG8km+Ni32ZeuJ+sSOB+5a5VsIY6KVpPvdoMU/XKyAS7P7qP0TgM9fFGC2d8dB6hA==",
      "requires": {
        "@hapi/hoek": "6.x.x",
        "@hapi/marker": "1.x.x",
        "@hapi/topo": "3.x.x",
        "isemail": "3.x.x"
      }
    },
    "@hapi/marker": {
      "version": "1.0.0",
      "resolved": "https://registry.npmjs.org/@hapi/marker/-/marker-1.0.0.tgz",
      "integrity": "sha512-JOfdekTXnJexfE8PyhZFyHvHjt81rBFSAbTIRAhF2vv/2Y1JzoKsGqxH/GpZJoF7aEfYok8JVcAHmSz1gkBieA=="
    },
    "@hapi/topo": {
      "version": "3.1.6",
      "resolved": "https://registry.npmjs.org/@hapi/topo/-/topo-3.1.6.tgz",
      "integrity": "sha512-tAag0jEcjwH+P2quUfipd7liWCNX2F8NvYjQp2wtInsZxnMlypdw0FtAOLxtvvkO+GSRRbmNi8m/5y42PQJYCQ==",
      "requires": {
        "@hapi/hoek": "^8.3.0"
      },
      "dependencies": {
        "@hapi/hoek": {
          "version": "8.5.1",
          "resolved": "https://registry.npmjs.org/@hapi/hoek/-/hoek-8.5.1.tgz",
          "integrity": "sha512-yN7kbciD87WzLGc5539Tn0sApjyiGHAJgKvG9W8C7O+6c7qmoQMfVs0W4bX17eqz6C78QJqqFrtgdK5EWf6Qow=="
        }
      }
    },
    "argparse": {
      "version": "1.0.10",
      "resolved": "https://registry.npmjs.org/argparse/-/argparse-1.0.10.tgz",
      "integrity": "sha512-o5Roy6tNG4SL/FOkCAN6RzjiakZS25RLYFrcMttJqbdd8BWrnA+fGz57iN5Pb06pvBGvl5gQ0B48dJlslXvoTg==",
      "requires": {
        "sprintf-js": "~1.0.2"
      }
    },
    "commander": {
      "version": "6.1.0",
      "resolved": "https://registry.npmjs.org/commander/-/commander-6.1.0.tgz",
      "integrity": "sha512-wl7PNrYWd2y5mp1OK/LhTlv8Ff4kQJQRXXAvF+uU/TPNiVJUxZLRYGj/B0y/lPGAVcSbJqH2Za/cvHmrPMC8mA=="
    },
    "csval": {
      "version": "1.1.1",
      "resolved": "https://registry.npmjs.org/csval/-/csval-1.1.1.tgz",
      "integrity": "sha512-vqj+XPtrFhzTmW29oy4xtr17QTum35VU74S7MoiMSI0bDdJ+dESAeQNBa7W89kh+jQRF83yrYspli2efKnhg6w==",
      "requires": {
        "@hapi/joi": "^14.5.0",
        "commander": "^3.0.1",
        "enjoi": "^6.0.0",
        "papaparse": "^5.0.2"
      },
      "dependencies": {
        "commander": {
          "version": "3.0.2",
          "resolved": "https://registry.npmjs.org/commander/-/commander-3.0.2.tgz",
          "integrity": "sha512-Gar0ASD4BDyKC4hl4DwHqDrmvjoxWKZigVnAbn5H1owvm4CxCPdb0HQDehwNYMJpla5+M2tPmPARzhtYuwpHow=="
        }
      }
    },
    "enjoi": {
      "version": "6.0.2",
      "resolved": "https://registry.npmjs.org/enjoi/-/enjoi-6.0.2.tgz",
      "integrity": "sha512-xnJOQO1NCyRv9AwUnbfm/DLfG/kgaswoBGgesZHpbvvbRNll034VgwpbgFpRP3afnyK5adDy7JhKMOCB6EwOcA==",
      "requires": {
        "@hapi/hoek": "^6.0.0"
      }
    },
    "esprima": {
      "version": "4.0.1",
      "resolved": "https://registry.npmjs.org/esprima/-/esprima-4.0.1.tgz",
      "integrity": "sha512-eGuFFw7Upda+g4p+QHvnW0RyTX/SVeJBDM/gCtMARO0cLuT2HcEKnTPvhjV6aGeqrCB/sbNop0Kszm0jsaWU4A=="
    },
    "faker": {
      "version": "5.1.0",
      "resolved": "https://registry.npmjs.org/faker/-/faker-5.1.0.tgz",
      "integrity": "sha512-RrWKFSSA/aNLP0g3o2WW1Zez7/MnMr7xkiZmoCfAGZmdkDQZ6l2KtuXHN5XjdvpRjDl8+3vf+Rrtl06Z352+Mw=="
    },
    "isemail": {
      "version": "3.2.0",
      "resolved": "https://registry.npmjs.org/isemail/-/isemail-3.2.0.tgz",
      "integrity": "sha512-zKqkK+O+dGqevc93KNsbZ/TqTUFd46MwWjYOoMrjIMZ51eU7DtQG3Wmd9SQQT7i7RVnuTPEiYEWHU3MSbxC1Tg==",
      "requires": {
        "punycode": "2.x.x"
      }
    },
    "js-yaml": {
      "version": "3.14.0",
      "resolved": "https://registry.npmjs.org/js-yaml/-/js-yaml-3.14.0.tgz",
      "integrity": "sha512-/4IbIeHcD9VMHFqDR/gQ7EdZdLimOvW2DdcxFjdyyZ9NsbS+ccrXqVWDtab/lRl5AlUqmpBx8EhPaWR+OtY17A==",
      "requires": {
        "argparse": "^1.0.7",
        "esprima": "^4.0.0"
      }
    },
    "papaparse": {
      "version": "5.3.0",
      "resolved": "https://registry.npmjs.org/papaparse/-/papaparse-5.3.0.tgz",
      "integrity": "sha512-Lb7jN/4bTpiuGPrYy4tkKoUS8sTki8zacB5ke1p5zolhcSE4TlWgrlsxjrDTbG/dFVh07ck7X36hUf/b5V68pg=="
    },
    "punycode": {
      "version": "2.1.1",
      "resolved": "https://registry.npmjs.org/punycode/-/punycode-2.1.1.tgz",
      "integrity": "sha512-XRsRjdf+j5ml+y/6GKHPZbrF/8p2Yga0JPtdqTIY2Xe5ohJPD9saDJJLPvp9+NSBprVvevdXZybnj2cv8OEd0A=="
    },
    "sprintf-js": {
      "version": "1.0.3",
      "resolved": "https://registry.npmjs.org/sprintf-js/-/sprintf-js-1.0.3.tgz",
      "integrity": "sha1-BOaSb2YolTVPPdAVIDYzuFcpfiw="
    }
  }
}
